{
  "name": "world-walkable",
  "version": "1.0.0",
  "lockfileVersion": 1,
  "dependencies": {
    "hxdaedalus-js": {
      "version": "1.0.1",
      "resolved": "https://registry.npmjs.org/hxdaedalus-js/-/hxdaedalus-js-1.0.1.tgz",
      "integrity": "sha1-ehnwVUnOBqjaRGikt8JY4c8wnWk="
    },
    "walkable": {
      "version": "1.0.3",
      "resolved": "https://registry.npmjs.org/walkable/-/walkable-1.0.3.tgz",
      "integrity": "sha1-gRhzsP1zOvzIh7xNzqnw589k2hQ="
    }
  }
}
